// !$*UTF8*$!
{
	archiveVersion = 1;
	classes = {
	};
	objectVersion = 55;
	objects = {

/* Begin PBXBuildFile section */
		25059B0B2880734F000AA943 /* AppDelegate.swift in Sources */ = {isa = PBXBuildFile; fileRef = 25059B0A2880734F000AA943 /* AppDelegate.swift */; };
		25059B0D2880734F000AA943 /* SceneDelegate.swift in Sources */ = {isa = PBXBuildFile; fileRef = 25059B0C2880734F000AA943 /* SceneDelegate.swift */; };
		25059B0F2880734F000AA943 /* ViewController.swift in Sources */ = {isa = PBXBuildFile; fileRef = 25059B0E2880734F000AA943 /* ViewController.swift */; };
		25059B122880734F000AA943 /* Main.storyboard in Resources */ = {isa = PBXBuildFile; fileRef = 25059B102880734F000AA943 /* Main.storyboard */; };
		25059B1428807352000AA943 /* Assets.xcassets in Resources */ = {isa = PBXBuildFile; fileRef = 25059B1328807352000AA943 /* Assets.xcassets */; };
		25059B1728807352000AA943 /* LaunchScreen.storyboard in Resources */ = {isa = PBXBuildFile; fileRef = 25059B1528807352000AA943 /* LaunchScreen.storyboard */; };
		25148C7628A5F57C005DA4D6 /* RegularExpression.swift in Sources */ = {isa = PBXBuildFile; fileRef = 25148C7528A5F57C005DA4D6 /* RegularExpression.swift */; };
		25148C7A28A64626005DA4D6 /* MessageManager.swift in Sources */ = {isa = PBXBuildFile; fileRef = 25148C7928A64626005DA4D6 /* MessageManager.swift */; };
		253160E828A3590F0095D355 /* BEEViewController.swift in Sources */ = {isa = PBXBuildFile; fileRef = 253160E728A3590F0095D355 /* BEEViewController.swift */; };
		253160EA28A3A1D10095D355 /* FeaturesViewController.swift in Sources */ = {isa = PBXBuildFile; fileRef = 253160E928A3A1D10095D355 /* FeaturesViewController.swift */; };
		253160EC28A3A58C0095D355 /* DiscoverDeviceView.swift in Sources */ = {isa = PBXBuildFile; fileRef = 253160EB28A3A58C0095D355 /* DiscoverDeviceView.swift */; };
		253160EE28A3AC060095D355 /* SwiftCommunity in Frameworks */ = {isa = PBXBuildFile; productRef = 253160ED28A3AC060095D355 /* SwiftCommunity */; };
		253160F128A3C2140095D355 /* RxCocoa in Frameworks */ = {isa = PBXBuildFile; productRef = 253160F028A3C2140095D355 /* RxCocoa */; };
		253160F328A3C2140095D355 /* RxSwift in Frameworks */ = {isa = PBXBuildFile; productRef = 253160F228A3C2140095D355 /* RxSwift */; };
		253FDD52289CB8A90046350C /* OverrideReply.swift in Sources */ = {isa = PBXBuildFile; fileRef = 253FDD51289CB8A90046350C /* OverrideReply.swift */; };
		253FDD58289CBACB0046350C /* RefreshTokenTest.swift in Sources */ = {isa = PBXBuildFile; fileRef = 253FDD57289CBACB0046350C /* RefreshTokenTest.swift */; };
		253FDD5A289CBB510046350C /* ObserverShare.swift in Sources */ = {isa = PBXBuildFile; fileRef = 253FDD59289CBB500046350C /* ObserverShare.swift */; };
		253FDD5E289CBC280046350C /* QueueSync.swift in Sources */ = {isa = PBXBuildFile; fileRef = 253FDD5D289CBC280046350C /* QueueSync.swift */; };
		253FDD62289CFD8B0046350C /* SubscriptionSet.swift in Sources */ = {isa = PBXBuildFile; fileRef = 253FDD61289CFD8B0046350C /* SubscriptionSet.swift */; };
		25E063732887F20A00A87A52 /* ObservabeSwitch.swift in Sources */ = {isa = PBXBuildFile; fileRef = 25E063722887F20A00A87A52 /* ObservabeSwitch.swift */; };
		25E0637528880D5600A87A52 /* TextInputViewController.swift in Sources */ = {isa = PBXBuildFile; fileRef = 25E0637428880D5600A87A52 /* TextInputViewController.swift */; };
		25E0637728880F6400A87A52 /* RefreshToken.swift in Sources */ = {isa = PBXBuildFile; fileRef = 25E0637628880F6400A87A52 /* RefreshToken.swift */; };
		9A6FD0226C4B59D3932195E4 /* Pods_swift_knowledge.framework in Frameworks */ = {isa = PBXBuildFile; fileRef = E8114AF00D38E0E86D1D3151 /* Pods_swift_knowledge.framework */; };
/* End PBXBuildFile section */

/* Begin PBXFileReference section */
		01891C8D5E6B6AB691B5D90F /* Pods_RxSample.framework */ = {isa = PBXFileReference; explicitFileType = wrapper.framework; includeInIndex = 0; path = Pods_RxSample.framework; sourceTree = BUILT_PRODUCTS_DIR; };
		25059B072880734F000AA943 /* swift_knowledge.app */ = {isa = PBXFileReference; explicitFileType = wrapper.application; includeInIndex = 0; path = swift_knowledge.app; sourceTree = BUILT_PRODUCTS_DIR; };
		25059B0A2880734F000AA943 /* AppDelegate.swift */ = {isa = PBXFileReference; lastKnownFileType = sourcecode.swift; path = AppDelegate.swift; sourceTree = "<group>"; };
		25059B0C2880734F000AA943 /* SceneDelegate.swift */ = {isa = PBXFileReference; lastKnownFileType = sourcecode.swift; path = SceneDelegate.swift; sourceTree = "<group>"; };
		25059B0E2880734F000AA943 /* ViewController.swift */ = {isa = PBXFileReference; lastKnownFileType = sourcecode.swift; path = ViewController.swift; sourceTree = "<group>"; };
		25059B112880734F000AA943 /* Base */ = {isa = PBXFileReference; lastKnownFileType = file.storyboard; name = Base; path = Base.lproj/Main.storyboard; sourceTree = "<group>"; };
		25059B1328807352000AA943 /* Assets.xcassets */ = {isa = PBXFileReference; lastKnownFileType = folder.assetcatalog; path = Assets.xcassets; sourceTree = "<group>"; };
		25059B1628807352000AA943 /* Base */ = {isa = PBXFileReference; lastKnownFileType = file.storyboard; name = Base; path = Base.lproj/LaunchScreen.storyboard; sourceTree = "<group>"; };
		25059B1828807352000AA943 /* Info.plist */ = {isa = PBXFileReference; lastKnownFileType = text.plist.xml; path = Info.plist; sourceTree = "<group>"; };
		25148C7528A5F57C005DA4D6 /* RegularExpression.swift */ = {isa = PBXFileReference; lastKnownFileType = sourcecode.swift; path = RegularExpression.swift; sourceTree = "<group>"; };
		25148C7928A64626005DA4D6 /* MessageManager.swift */ = {isa = PBXFileReference; lastKnownFileType = sourcecode.swift; path = MessageManager.swift; sourceTree = "<group>"; };
		253160E728A3590F0095D355 /* BEEViewController.swift */ = {isa = PBXFileReference; lastKnownFileType = sourcecode.swift; path = BEEViewController.swift; sourceTree = "<group>"; };
		253160E928A3A1D10095D355 /* FeaturesViewController.swift */ = {isa = PBXFileReference; lastKnownFileType = sourcecode.swift; path = FeaturesViewController.swift; sourceTree = "<group>"; };
		253160EB28A3A58C0095D355 /* DiscoverDeviceView.swift */ = {isa = PBXFileReference; lastKnownFileType = sourcecode.swift; path = DiscoverDeviceView.swift; sourceTree = "<group>"; };
		253FDD51289CB8A90046350C /* OverrideReply.swift */ = {isa = PBXFileReference; lastKnownFileType = sourcecode.swift; path = OverrideReply.swift; sourceTree = "<group>"; };
		253FDD57289CBACB0046350C /* RefreshTokenTest.swift */ = {isa = PBXFileReference; lastKnownFileType = sourcecode.swift; path = RefreshTokenTest.swift; sourceTree = "<group>"; };
		253FDD59289CBB500046350C /* ObserverShare.swift */ = {isa = PBXFileReference; lastKnownFileType = sourcecode.swift; path = ObserverShare.swift; sourceTree = "<group>"; };
		253FDD5D289CBC280046350C /* QueueSync.swift */ = {isa = PBXFileReference; lastKnownFileType = sourcecode.swift; path = QueueSync.swift; sourceTree = "<group>"; };
		253FDD61289CFD8B0046350C /* SubscriptionSet.swift */ = {isa = PBXFileReference; lastKnownFileType = sourcecode.swift; path = SubscriptionSet.swift; sourceTree = "<group>"; };
		255D717D289F617900296BF8 /* SwiftCommunity */ = {isa = PBXFileReference; lastKnownFileType = wrapper; path = SwiftCommunity; sourceTree = "<group>"; };
		25E063722887F20A00A87A52 /* ObservabeSwitch.swift */ = {isa = PBXFileReference; lastKnownFileType = sourcecode.swift; path = ObservabeSwitch.swift; sourceTree = "<group>"; };
		25E0637428880D5600A87A52 /* TextInputViewController.swift */ = {isa = PBXFileReference; lastKnownFileType = sourcecode.swift; path = TextInputViewController.swift; sourceTree = "<group>"; };
		25E0637628880F6400A87A52 /* RefreshToken.swift */ = {isa = PBXFileReference; lastKnownFileType = sourcecode.swift; path = RefreshToken.swift; sourceTree = "<group>"; };
		92CB5D495142637B62234DC8 /* Pods-swift_knowledge.release.xcconfig */ = {isa = PBXFileReference; includeInIndex = 1; lastKnownFileType = text.xcconfig; name = "Pods-swift_knowledge.release.xcconfig"; path = "Target Support Files/Pods-swift_knowledge/Pods-swift_knowledge.release.xcconfig"; sourceTree = "<group>"; };
		C9DED72478870276781AE606 /* Pods-swift_knowledge.debug.xcconfig */ = {isa = PBXFileReference; includeInIndex = 1; lastKnownFileType = text.xcconfig; name = "Pods-swift_knowledge.debug.xcconfig"; path = "Target Support Files/Pods-swift_knowledge/Pods-swift_knowledge.debug.xcconfig"; sourceTree = "<group>"; };
		E8114AF00D38E0E86D1D3151 /* Pods_swift_knowledge.framework */ = {isa = PBXFileReference; explicitFileType = wrapper.framework; includeInIndex = 0; path = Pods_swift_knowledge.framework; sourceTree = BUILT_PRODUCTS_DIR; };
		F7E79FC198E69BC4D869CB90 /* Pods-RxSample.release.xcconfig */ = {isa = PBXFileReference; includeInIndex = 1; lastKnownFileType = text.xcconfig; name = "Pods-RxSample.release.xcconfig"; path = "Target Support Files/Pods-RxSample/Pods-RxSample.release.xcconfig"; sourceTree = "<group>"; };
		FFF91B6DB159B55ECF566E1F /* Pods-RxSample.debug.xcconfig */ = {isa = PBXFileReference; includeInIndex = 1; lastKnownFileType = text.xcconfig; name = "Pods-RxSample.debug.xcconfig"; path = "Target Support Files/Pods-RxSample/Pods-RxSample.debug.xcconfig"; sourceTree = "<group>"; };
/* End PBXFileReference section */

/* Begin PBXFrameworksBuildPhase section */
		25059B042880734F000AA943 /* Frameworks */ = {
			isa = PBXFrameworksBuildPhase;
			buildActionMask = 2147483647;
			files = (
				253160F128A3C2140095D355 /* RxCocoa in Frameworks */,
				253160EE28A3AC060095D355 /* SwiftCommunity in Frameworks */,
				253160F328A3C2140095D355 /* RxSwift in Frameworks */,
				9A6FD0226C4B59D3932195E4 /* Pods_swift_knowledge.framework in Frameworks */,
			);
			runOnlyForDeploymentPostprocessing = 0;
		};
/* End PBXFrameworksBuildPhase section */

/* Begin PBXGroup section */
		25059AFE2880734F000AA943 = {
			isa = PBXGroup;
			children = (
				25059B092880734F000AA943 /* swift_knowledge */,
				2553D3372893D51B00CEA416 /* Packages */,
				25059B082880734F000AA943 /* Products */,
				31ACF6877CBA8F97AC595B58 /* Pods */,
				8D83C110A25B0998E58C85DA /* Frameworks */,
			);
			sourceTree = "<group>";
		};
		25059B082880734F000AA943 /* Products */ = {
			isa = PBXGroup;
			children = (
				25059B072880734F000AA943 /* swift_knowledge.app */,
			);
			name = Products;
			sourceTree = "<group>";
		};
		25059B092880734F000AA943 /* swift_knowledge */ = {
			isa = PBXGroup;
			children = (
				25059B0E2880734F000AA943 /* ViewController.swift */,
				253160E928A3A1D10095D355 /* FeaturesViewController.swift */,
				25148C7428A5F2C7005DA4D6 /* 8.RegularExpression */,
				253160E628A358E80095D355 /* 7.Bluetooth */,
				253FDD56289CB9D60046350C /* 0.KeyboardHide */,
				253FDD53289CB9410046350C /* 1.RefreshToken */,
				253FDD54289CB9520046350C /* 2.ObservabeSwitch */,
				253FDD55289CB9930046350C /* 3.OverrideReply */,
				253FDD5B289CBB560046350C /* 4.ObserverShare */,
				253FDD5F289CBC300046350C /* 5.QueueSync */,
				253FDD60289CFD600046350C /* 6.SubscriptionSet */,
				253FDD5C289CBBE10046350C /* Support Files */,
			);
			path = swift_knowledge;
			sourceTree = "<group>";
		};
		25148C7428A5F2C7005DA4D6 /* 8.RegularExpression */ = {
			isa = PBXGroup;
			children = (
				25148C7528A5F57C005DA4D6 /* RegularExpression.swift */,
			);
			path = 8.RegularExpression;
			sourceTree = "<group>";
		};
		253160E628A358E80095D355 /* 7.Bluetooth */ = {
			isa = PBXGroup;
			children = (
				253160E728A3590F0095D355 /* BEEViewController.swift */,
				253160EB28A3A58C0095D355 /* DiscoverDeviceView.swift */,
			);
			path = 7.Bluetooth;
			sourceTree = "<group>";
		};
		253FDD53289CB9410046350C /* 1.RefreshToken */ = {
			isa = PBXGroup;
			children = (
				25E0637628880F6400A87A52 /* RefreshToken.swift */,
				253FDD57289CBACB0046350C /* RefreshTokenTest.swift */,
			);
			path = 1.RefreshToken;
			sourceTree = "<group>";
		};
		253FDD54289CB9520046350C /* 2.ObservabeSwitch */ = {
			isa = PBXGroup;
			children = (
				25E063722887F20A00A87A52 /* ObservabeSwitch.swift */,
			);
			path = 2.ObservabeSwitch;
			sourceTree = "<group>";
		};
		253FDD55289CB9930046350C /* 3.OverrideReply */ = {
			isa = PBXGroup;
			children = (
				253FDD51289CB8A90046350C /* OverrideReply.swift */,
			);
			path = 3.OverrideReply;
			sourceTree = "<group>";
		};
		253FDD56289CB9D60046350C /* 0.KeyboardHide */ = {
			isa = PBXGroup;
			children = (
				25E0637428880D5600A87A52 /* TextInputViewController.swift */,
			);
			name = 0.KeyboardHide;
			sourceTree = "<group>";
		};
		253FDD5B289CBB560046350C /* 4.ObserverShare */ = {
			isa = PBXGroup;
			children = (
				253FDD59289CBB500046350C /* ObserverShare.swift */,
			);
			path = 4.ObserverShare;
			sourceTree = "<group>";
		};
		253FDD5C289CBBE10046350C /* Support Files */ = {
			isa = PBXGroup;
			children = (
				25059B0A2880734F000AA943 /* AppDelegate.swift */,
				25059B0C2880734F000AA943 /* SceneDelegate.swift */,
				25059B1828807352000AA943 /* Info.plist */,
				25059B1328807352000AA943 /* Assets.xcassets */,
				25059B102880734F000AA943 /* Main.storyboard */,
				25059B1528807352000AA943 /* LaunchScreen.storyboard */,
			);
			name = "Support Files";
			sourceTree = "<group>";
		};
		253FDD5F289CBC300046350C /* 5.QueueSync */ = {
			isa = PBXGroup;
			children = (
				253FDD5D289CBC280046350C /* QueueSync.swift */,
			);
			path = 5.QueueSync;
			sourceTree = "<group>";
		};
		253FDD60289CFD600046350C /* 6.SubscriptionSet */ = {
			isa = PBXGroup;
			children = (
				253FDD61289CFD8B0046350C /* SubscriptionSet.swift */,
				25148C7928A64626005DA4D6 /* MessageManager.swift */,
			);
			path = 6.SubscriptionSet;
			sourceTree = "<group>";
		};
		2553D3372893D51B00CEA416 /* Packages */ = {
			isa = PBXGroup;
			children = (
				255D717D289F617900296BF8 /* SwiftCommunity */,
			);
			name = Packages;
			sourceTree = "<group>";
		};
		31ACF6877CBA8F97AC595B58 /* Pods */ = {
			isa = PBXGroup;
			children = (
				C9DED72478870276781AE606 /* Pods-swift_knowledge.debug.xcconfig */,
				92CB5D495142637B62234DC8 /* Pods-swift_knowledge.release.xcconfig */,
				FFF91B6DB159B55ECF566E1F /* Pods-RxSample.debug.xcconfig */,
				F7E79FC198E69BC4D869CB90 /* Pods-RxSample.release.xcconfig */,
			);
			path = Pods;
			sourceTree = "<group>";
		};
		8D83C110A25B0998E58C85DA /* Frameworks */ = {
			isa = PBXGroup;
			children = (
				E8114AF00D38E0E86D1D3151 /* Pods_swift_knowledge.framework */,
				01891C8D5E6B6AB691B5D90F /* Pods_RxSample.framework */,
			);
			name = Frameworks;
			sourceTree = "<group>";
		};
/* End PBXGroup section */

/* Begin PBXNativeTarget section */
		25059B062880734F000AA943 /* swift_knowledge */ = {
			isa = PBXNativeTarget;
			buildConfigurationList = 25059B1B28807352000AA943 /* Build configuration list for PBXNativeTarget "swift_knowledge" */;
			buildPhases = (
				426C114B8C0E0B8EB40CD6D7 /* [CP] Check Pods Manifest.lock */,
				25059B032880734F000AA943 /* Sources */,
				25059B042880734F000AA943 /* Frameworks */,
				25059B052880734F000AA943 /* Resources */,
				BEC5BD94DF55143511D4358C /* [CP] Embed Pods Frameworks */,
			);
			buildRules = (
			);
			dependencies = (
			);
			name = swift_knowledge;
			packageProductDependencies = (
				253160ED28A3AC060095D355 /* SwiftCommunity */,
				253160F028A3C2140095D355 /* RxCocoa */,
				253160F228A3C2140095D355 /* RxSwift */,
			);
			productName = swift_knowledge;
			productReference = 25059B072880734F000AA943 /* swift_knowledge.app */;
			productType = "com.apple.product-type.application";
		};
/* End PBXNativeTarget section */

/* Begin PBXProject section */
		25059AFF2880734F000AA943 /* Project object */ = {
			isa = PBXProject;
			attributes = {
				BuildIndependentTargetsInParallel = 1;
				LastSwiftUpdateCheck = 1320;
				LastUpgradeCheck = 1320;
				TargetAttributes = {
					25059B062880734F000AA943 = {
						CreatedOnToolsVersion = 13.2.1;
					};
				};
			};
			buildConfigurationList = 25059B022880734F000AA943 /* Build configuration list for PBXProject "swift_knowledge" */;
			compatibilityVersion = "Xcode 13.0";
			developmentRegion = en;
			hasScannedForEncodings = 0;
			knownRegions = (
				en,
				Base,
			);
			mainGroup = 25059AFE2880734F000AA943;
			packageReferences = (
				253160EF28A3C2140095D355 /* XCRemoteSwiftPackageReference "RxSwift" */,
			);
			productRefGroup = 25059B082880734F000AA943 /* Products */;
			projectDirPath = "";
			projectRoot = "";
			targets = (
				25059B062880734F000AA943 /* swift_knowledge */,
			);
		};
/* End PBXProject section */

/* Begin PBXResourcesBuildPhase section */
		25059B052880734F000AA943 /* Resources */ = {
			isa = PBXResourcesBuildPhase;
			buildActionMask = 2147483647;
			files = (
				25059B1728807352000AA943 /* LaunchScreen.storyboard in Resources */,
				25059B1428807352000AA943 /* Assets.xcassets in Resources */,
				25059B122880734F000AA943 /* Main.storyboard in Resources */,
			);
			runOnlyForDeploymentPostprocessing = 0;
		};
/* End PBXResourcesBuildPhase section */

/* Begin PBXShellScriptBuildPhase section */
		426C114B8C0E0B8EB40CD6D7 /* [CP] Check Pods Manifest.lock */ = {
			isa = PBXShellScriptBuildPhase;
			buildActionMask = 2147483647;
			files = (
			);
			inputFileListPaths = (
			);
			inputPaths = (
				"${PODS_PODFILE_DIR_PATH}/Podfile.lock",
				"${PODS_ROOT}/Manifest.lock",
			);
			name = "[CP] Check Pods Manifest.lock";
			outputFileListPaths = (
			);
			outputPaths = (
				"$(DERIVED_FILE_DIR)/Pods-swift_knowledge-checkManifestLockResult.txt",
			);
			runOnlyForDeploymentPostprocessing = 0;
			shellPath = /bin/sh;
			shellScript = "diff \"${PODS_PODFILE_DIR_PATH}/Podfile.lock\" \"${PODS_ROOT}/Manifest.lock\" > /dev/null\nif [ $? != 0 ] ; then\n    # print error to STDERR\n    echo \"error: The sandbox is not in sync with the Podfile.lock. Run 'pod install' or update your CocoaPods installation.\" >&2\n    exit 1\nfi\n# This output is used by Xcode 'outputs' to avoid re-running this script phase.\necho \"SUCCESS\" > \"${SCRIPT_OUTPUT_FILE_0}\"\n";
			showEnvVarsInLog = 0;
		};
		BEC5BD94DF55143511D4358C /* [CP] Embed Pods Frameworks */ = {
			isa = PBXShellScriptBuildPhase;
			buildActionMask = 2147483647;
			files = (
			);
			inputFileListPaths = (
				"${PODS_ROOT}/Target Support Files/Pods-swift_knowledge/Pods-swift_knowledge-frameworks-${CONFIGURATION}-input-files.xcfilelist",
			);
			name = "[CP] Embed Pods Frameworks";
			outputFileListPaths = (
				"${PODS_ROOT}/Target Support Files/Pods-swift_knowledge/Pods-swift_knowledge-frameworks-${CONFIGURATION}-output-files.xcfilelist",
			);
			runOnlyForDeploymentPostprocessing = 0;
			shellPath = /bin/sh;
			shellScript = "\"${PODS_ROOT}/Target Support Files/Pods-swift_knowledge/Pods-swift_knowledge-frameworks.sh\"\n";
			showEnvVarsInLog = 0;
		};
/* End PBXShellScriptBuildPhase section */

/* Begin PBXSourcesBuildPhase section */
		25059B032880734F000AA943 /* Sources */ = {
			isa = PBXSourcesBuildPhase;
			buildActionMask = 2147483647;
			files = (
				253160EA28A3A1D10095D355 /* FeaturesViewController.swift in Sources */,
				253FDD5A289CBB510046350C /* ObserverShare.swift in Sources */,
				253FDD52289CB8A90046350C /* OverrideReply.swift in Sources */,
				253160EC28A3A58C0095D355 /* DiscoverDeviceView.swift in Sources */,
				253FDD58289CBACB0046350C /* RefreshTokenTest.swift in Sources */,
				25148C7628A5F57C005DA4D6 /* RegularExpression.swift in Sources */,
				25059B0F2880734F000AA943 /* ViewController.swift in Sources */,
				253FDD5E289CBC280046350C /* QueueSync.swift in Sources */,
				253160E828A3590F0095D355 /* BEEViewController.swift in Sources */,
				25E063732887F20A00A87A52 /* ObservabeSwitch.swift in Sources */,
				25059B0B2880734F000AA943 /* AppDelegate.swift in Sources */,
				253FDD62289CFD8B0046350C /* SubscriptionSet.swift in Sources */,
				25059B0D2880734F000AA943 /* SceneDelegate.swift in Sources */,
				25E0637528880D5600A87A52 /* TextInputViewController.swift in Sources */,
				25E0637728880F6400A87A52 /* RefreshToken.swift in Sources */,
				25148C7A28A64626005DA4D6 /* MessageManager.swift in Sources */,
			);
			runOnlyForDeploymentPostprocessing = 0;
		};
/* End PBXSourcesBuildPhase section */

/* Begin PBXVariantGroup section */
		25059B102880734F000AA943 /* Main.storyboard */ = {
			isa = PBXVariantGroup;
			children = (
				25059B112880734F000AA943 /* Base */,
			);
			name = Main.storyboard;
			sourceTree = "<group>";
		};
		25059B1528807352000AA943 /* LaunchScreen.storyboard */ = {
			isa = PBXVariantGroup;
			children = (
				25059B1628807352000AA943 /* Base */,
			);
			name = LaunchScreen.storyboard;
			sourceTree = "<group>";
		};
/* End PBXVariantGroup section */

/* Begin XCBuildConfiguration section */
		25059B1928807352000AA943 /* Debug */ = {
			isa = XCBuildConfiguration;
			buildSettings = {
				ALWAYS_SEARCH_USER_PATHS = NO;
				CLANG_ANALYZER_NONNULL = YES;
				CLANG_ANALYZER_NUMBER_OBJECT_CONVERSION = YES_AGGRESSIVE;
				CLANG_CXX_LANGUAGE_STANDARD = "gnu++17";
				CLANG_CXX_LIBRARY = "libc++";
				CLANG_ENABLE_MODULES = YES;
				CLANG_ENABLE_OBJC_ARC = YES;
				CLANG_ENABLE_OBJC_WEAK = YES;
				CLANG_WARN_BLOCK_CAPTURE_AUTORELEASING = YES;
				CLANG_WARN_BOOL_CONVERSION = YES;
				CLANG_WARN_COMMA = YES;
				CLANG_WARN_CONSTANT_CONVERSION = YES;
				CLANG_WARN_DEPRECATED_OBJC_IMPLEMENTATIONS = YES;
				CLANG_WARN_DIRECT_OBJC_ISA_USAGE = YES_ERROR;
				CLANG_WARN_DOCUMENTATION_COMMENTS = YES;
				CLANG_WARN_EMPTY_BODY = YES;
				CLANG_WARN_ENUM_CONVERSION = YES;
				CLANG_WARN_INFINITE_RECURSION = YES;
				CLANG_WARN_INT_CONVERSION = YES;
				CLANG_WARN_NON_LITERAL_NULL_CONVERSION = YES;
				CLANG_WARN_OBJC_IMPLICIT_RETAIN_SELF = YES;
				CLANG_WARN_OBJC_LITERAL_CONVERSION = YES;
				CLANG_WARN_OBJC_ROOT_CLASS = YES_ERROR;
				CLANG_WARN_QUOTED_INCLUDE_IN_FRAMEWORK_HEADER = YES;
				CLANG_WARN_RANGE_LOOP_ANALYSIS = YES;
				CLANG_WARN_STRICT_PROTOTYPES = YES;
				CLANG_WARN_SUSPICIOUS_MOVE = YES;
				CLANG_WARN_UNGUARDED_AVAILABILITY = YES_AGGRESSIVE;
				CLANG_WARN_UNREACHABLE_CODE = YES;
				CLANG_WARN__DUPLICATE_METHOD_MATCH = YES;
				COPY_PHASE_STRIP = NO;
				DEBUG_INFORMATION_FORMAT = dwarf;
				ENABLE_STRICT_OBJC_MSGSEND = YES;
				ENABLE_TESTABILITY = YES;
				GCC_C_LANGUAGE_STANDARD = gnu11;
				GCC_DYNAMIC_NO_PIC = NO;
				GCC_NO_COMMON_BLOCKS = YES;
				GCC_OPTIMIZATION_LEVEL = 0;
				GCC_PREPROCESSOR_DEFINITIONS = (
					"DEBUG=1",
					"$(inherited)",
				);
				GCC_WARN_64_TO_32_BIT_CONVERSION = YES;
				GCC_WARN_ABOUT_RETURN_TYPE = YES_ERROR;
				GCC_WARN_UNDECLARED_SELECTOR = YES;
				GCC_WARN_UNINITIALIZED_AUTOS = YES_AGGRESSIVE;
				GCC_WARN_UNUSED_FUNCTION = YES;
				GCC_WARN_UNUSED_VARIABLE = YES;
				IPHONEOS_DEPLOYMENT_TARGET = 15.2;
				MTL_ENABLE_DEBUG_INFO = INCLUDE_SOURCE;
				MTL_FAST_MATH = YES;
				ONLY_ACTIVE_ARCH = YES;
				SDKROOT = iphoneos;
				SWIFT_ACTIVE_COMPILATION_CONDITIONS = DEBUG;
				SWIFT_OPTIMIZATION_LEVEL = "-Onone";
			};
			name = Debug;
		};
		25059B1A28807352000AA943 /* Release */ = {
			isa = XCBuildConfiguration;
			buildSettings = {
				ALWAYS_SEARCH_USER_PATHS = NO;
				CLANG_ANALYZER_NONNULL = YES;
				CLANG_ANALYZER_NUMBER_OBJECT_CONVERSION = YES_AGGRESSIVE;
				CLANG_CXX_LANGUAGE_STANDARD = "gnu++17";
				CLANG_CXX_LIBRARY = "libc++";
				CLANG_ENABLE_MODULES = YES;
				CLANG_ENABLE_OBJC_ARC = YES;
				CLANG_ENABLE_OBJC_WEAK = YES;
				CLANG_WARN_BLOCK_CAPTURE_AUTORELEASING = YES;
				CLANG_WARN_BOOL_CONVERSION = YES;
				CLANG_WARN_COMMA = YES;
				CLANG_WARN_CONSTANT_CONVERSION = YES;
				CLANG_WARN_DEPRECATED_OBJC_IMPLEMENTATIONS = YES;
				CLANG_WARN_DIRECT_OBJC_ISA_USAGE = YES_ERROR;
				CLANG_WARN_DOCUMENTATION_COMMENTS = YES;
				CLANG_WARN_EMPTY_BODY = YES;
				CLANG_WARN_ENUM_CONVERSION = YES;
				CLANG_WARN_INFINITE_RECURSION = YES;
				CLANG_WARN_INT_CONVERSION = YES;
				CLANG_WARN_NON_LITERAL_NULL_CONVERSION = YES;
				CLANG_WARN_OBJC_IMPLICIT_RETAIN_SELF = YES;
				CLANG_WARN_OBJC_LITERAL_CONVERSION = YES;
				CLANG_WARN_OBJC_ROOT_CLASS = YES_ERROR;
				CLANG_WARN_QUOTED_INCLUDE_IN_FRAMEWORK_HEADER = YES;
				CLANG_WARN_RANGE_LOOP_ANALYSIS = YES;
				CLANG_WARN_STRICT_PROTOTYPES = YES;
				CLANG_WARN_SUSPICIOUS_MOVE = YES;
				CLANG_WARN_UNGUARDED_AVAILABILITY = YES_AGGRESSIVE;
				CLANG_WARN_UNREACHABLE_CODE = YES;
				CLANG_WARN__DUPLICATE_METHOD_MATCH = YES;
				COPY_PHASE_STRIP = NO;
				DEBUG_INFORMATION_FORMAT = "dwarf-with-dsym";
				ENABLE_NS_ASSERTIONS = NO;
				ENABLE_STRICT_OBJC_MSGSEND = YES;
				GCC_C_LANGUAGE_STANDARD = gnu11;
				GCC_NO_COMMON_BLOCKS = YES;
				GCC_WARN_64_TO_32_BIT_CONVERSION = YES;
				GCC_WARN_ABOUT_RETURN_TYPE = YES_ERROR;
				GCC_WARN_UNDECLARED_SELECTOR = YES;
				GCC_WARN_UNINITIALIZED_AUTOS = YES_AGGRESSIVE;
				GCC_WARN_UNUSED_FUNCTION = YES;
				GCC_WARN_UNUSED_VARIABLE = YES;
				IPHONEOS_DEPLOYMENT_TARGET = 15.2;
				MTL_ENABLE_DEBUG_INFO = NO;
				MTL_FAST_MATH = YES;
				SDKROOT = iphoneos;
				SWIFT_COMPILATION_MODE = wholemodule;
				SWIFT_OPTIMIZATION_LEVEL = "-O";
				VALIDATE_PRODUCT = YES;
			};
			name = Release;
		};
		25059B1C28807352000AA943 /* Debug */ = {
			isa = XCBuildConfiguration;
			baseConfigurationReference = C9DED72478870276781AE606 /* Pods-swift_knowledge.debug.xcconfig */;
			buildSettings = {
				ASSETCATALOG_COMPILER_APPICON_NAME = AppIcon;
				ASSETCATALOG_COMPILER_GLOBAL_ACCENT_COLOR_NAME = AccentColor;
				CODE_SIGN_STYLE = Automatic;
				CURRENT_PROJECT_VERSION = 1;
				DEVELOPMENT_TEAM = W5V8836L2P;
				GENERATE_INFOPLIST_FILE = YES;
				INFOPLIST_FILE = swift_knowledge/Info.plist;
				INFOPLIST_KEY_NSBluetoothAlwaysUsageDescription = "总是描述";
				INFOPLIST_KEY_NSBluetoothPeripheralUsageDescription = "外围设备";
				INFOPLIST_KEY_UIApplicationSupportsIndirectInputEvents = YES;
				INFOPLIST_KEY_UILaunchStoryboardName = LaunchScreen;
				INFOPLIST_KEY_UIMainStoryboardFile = Main;
				INFOPLIST_KEY_UISupportedInterfaceOrientations_iPad = "UIInterfaceOrientationPortrait UIInterfaceOrientationPortraitUpsideDown UIInterfaceOrientationLandscapeLeft UIInterfaceOrientationLandscapeRight";
				INFOPLIST_KEY_UISupportedInterfaceOrientations_iPhone = "UIInterfaceOrientationPortrait UIInterfaceOrientationLandscapeLeft UIInterfaceOrientationLandscapeRight";
				LD_RUNPATH_SEARCH_PATHS = (
					"$(inherited)",
					"@executable_path/Frameworks",
				);
				MARKETING_VERSION = 1.0;
				PRODUCT_BUNDLE_IDENTIFIER = com.benco.develop.r;
				PRODUCT_NAME = "$(TARGET_NAME)";
				SWIFT_EMIT_LOC_STRINGS = YES;
				SWIFT_VERSION = 5.0;
				TARGETED_DEVICE_FAMILY = "1,2";
			};
			name = Debug;
		};
		25059B1D28807352000AA943 /* Release */ = {
			isa = XCBuildConfiguration;
			baseConfigurationReference = 92CB5D495142637B62234DC8 /* Pods-swift_knowledge.release.xcconfig */;
			buildSettings = {
				ASSETCATALOG_COMPILER_APPICON_NAME = AppIcon;
				ASSETCATALOG_COMPILER_GLOBAL_ACCENT_COLOR_NAME = AccentColor;
				CODE_SIGN_STYLE = Automatic;
				CURRENT_PROJECT_VERSION = 1;
				DEVELOPMENT_TEAM = W5V8836L2P;
				GENERATE_INFOPLIST_FILE = YES;
				INFOPLIST_FILE = swift_knowledge/Info.plist;
				INFOPLIST_KEY_NSBluetoothAlwaysUsageDescription = "总是描述";
				INFOPLIST_KEY_NSBluetoothPeripheralUsageDescription = "外围设备";
				INFOPLIST_KEY_UIApplicationSupportsIndirectInputEvents = YES;
				INFOPLIST_KEY_UILaunchStoryboardName = LaunchScreen;
				INFOPLIST_KEY_UIMainStoryboardFile = Main;
				INFOPLIST_KEY_UISupportedInterfaceOrientations_iPad = "UIInterfaceOrientationPortrait UIInterfaceOrientationPortraitUpsideDown UIInterfaceOrientationLandscapeLeft UIInterfaceOrientationLandscapeRight";
				INFOPLIST_KEY_UISupportedInterfaceOrientations_iPhone = "UIInterfaceOrientationPortrait UIInterfaceOrientationLandscapeLeft UIInterfaceOrientationLandscapeRight";
				LD_RUNPATH_SEARCH_PATHS = (
					"$(inherited)",
					"@executable_path/Frameworks",
				);
				MARKETING_VERSION = 1.0;
				PRODUCT_BUNDLE_IDENTIFIER = com.benco.develop.r;
				PRODUCT_NAME = "$(TARGET_NAME)";
				SWIFT_EMIT_LOC_STRINGS = YES;
				SWIFT_VERSION = 5.0;
				TARGETED_DEVICE_FAMILY = "1,2";
			};
			name = Release;
		};
/* End XCBuildConfiguration section */

/* Begin XCConfigurationList section */
		25059B022880734F000AA943 /* Build configuration list for PBXProject "swift_knowledge" */ = {
			isa = XCConfigurationList;
			buildConfigurations = (
				25059B1928807352000AA943 /* Debug */,
				25059B1A28807352000AA943 /* Release */,
			);
			defaultConfigurationIsVisible = 0;
			defaultConfigurationName = Release;
		};
		25059B1B28807352000AA943 /* Build configuration list for PBXNativeTarget "swift_knowledge" */ = {
			isa = XCConfigurationList;
			buildConfigurations = (
				25059B1C28807352000AA943 /* Debug */,
				25059B1D28807352000AA943 /* Release */,
			);
			defaultConfigurationIsVisible = 0;
			defaultConfigurationName = Release;
		};
/* End XCConfigurationList section */

/* Begin XCRemoteSwiftPackageReference section */
		253160EF28A3C2140095D355 /* XCRemoteSwiftPackageReference "RxSwift" */ = {
			isa = XCRemoteSwiftPackageReference;
			repositoryURL = "https://github.com/ReactiveX/RxSwift.git";
			requirement = {
				kind = exactVersion;
				version = 6.5.0;
			};
		};
/* End XCRemoteSwiftPackageReference section */

/* Begin XCSwiftPackageProductDependency section */
		253160ED28A3AC060095D355 /* SwiftCommunity */ = {
			isa = XCSwiftPackageProductDependency;
			productName = SwiftCommunity;
		};
		253160F028A3C2140095D355 /* RxCocoa */ = {
			isa = XCSwiftPackageProductDependency;
			package = 253160EF28A3C2140095D355 /* XCRemoteSwiftPackageReference "RxSwift" */;
			productName = RxCocoa;
		};
		253160F228A3C2140095D355 /* RxSwift */ = {
			isa = XCSwiftPackageProductDependency;
			package = 253160EF28A3C2140095D355 /* XCRemoteSwiftPackageReference "RxSwift" */;
			productName = RxSwift;
		};
/* End XCSwiftPackageProductDependency section */
	};
	rootObject = 25059AFF2880734F000AA943 /* Project object */;
}
